
Microsoft Visual Studio Solution File, Format Version 12.00
# Visual Studio Version 17
VisualStudioVersion = 17.13.35919.96 d17.13
MinimumVisualStudioVersion = 10.0.40219.1
Project("{FAE04EC0-301F-11D3-BF4B-00C04F79EFBC}") = "BlazorIdentityMongoDbAlexSpieser", "BlazorIdentityMongoDbAlexSpieser\BlazorIdentityMongoDbAlexSpieser.csproj", "{89241D66-9389-41C9-B91E-DA2B91843378}"
EndProject
Global
	GlobalSection(SolutionConfigurationPlatforms) = preSolution
		Debug|Any CPU = Debug|Any CPU
		Release|Any CPU = Release|Any CPU
	EndGlobalSection
	GlobalSection(ProjectConfigurationPlatforms) = postSolution
		{89241D66-9389-41C9-B91E-DA2B91843378}.Debug|Any CPU.ActiveCfg = Debug|Any CPU
		{89241D66-9389-41C9-B91E-DA2B91843378}.Debug|Any CPU.Build.0 = Debug|Any CPU
		{89241D66-9389-41C9-B91E-DA2B91843378}.Release|Any CPU.ActiveCfg = Release|Any CPU
		{89241D66-9389-41C9-B91E-DA2B91843378}.Release|Any CPU.Build.0 = Release|Any CPU
	EndGlobalSection
	GlobalSection(SolutionProperties) = preSolution
		HideSolutionNode = FALSE
	EndGlobalSection
	GlobalSection(ExtensibilityGlobals) = postSolution
		SolutionGuid = {FFA5C9D9-AC13-496C-B7FC-1F77BE60DBE6}
	EndGlobalSection
EndGlobal
